
Microsoft Visual Studio Solution File, Format Version 12.00
# Visual Studio Version 16
VisualStudioVersion = 16.0.30413.136
MinimumVisualStudioVersion = 10.0.40219.1
Project("{2150E333-8FDC-42A3-9474-1A3956D46DE8}") = "Unit07", "Unit07", "{8B0A3EC1-A7A7-4FD2-8F1C-78210DC93711}"
EndProject
Project("{8BC9CEB8-8B4A-11D0-8D11-00A0C91BC942}") = "CheckPath", "Unit07\CheckPath\CheckPath.vcxproj", "{D19C0C07-19F9-4B8D-B85E-517B1B9371F6}"
EndProject
Project("{8BC9CEB8-8B4A-11D0-8D11-00A0C91BC942}") = "PathQuery", "Unit07\PathQuery\PathQuery.vcxproj", "{8912E282-A0B9-4C0F-8E0B-8BD88AEFB523}"
EndProject
Project("{8BC9CEB8-8B4A-11D0-8D11-00A0C91BC942}") = "PathOperators", "Unit07\PathOperators\PathOperators.vcxproj", "{F0AE0050-FF8B-41EC-83B1-6BB492FCEDA3}"
EndProject
Project("{8BC9CEB8-8B4A-11D0-8D11-00A0C91BC942}") = "PathSpace", "Unit07\PathSpace\PathSpace.vcxproj", "{BE0E3944-B448-4A13-929F-A426E763CFDB}"
EndProject
Project("{8BC9CEB8-8B4A-11D0-8D11-00A0C91BC942}") = "BufferedIO", "Unit07\BufferedIO\BufferedIO.vcxproj", "{5963EF3F-ACAB-47E5-B38D-03A95CAF7480}"
EndProject
Project("{8BC9CEB8-8B4A-11D0-8D11-00A0C91BC942}") = "FileOutput", "Unit07\FileOutput\FileOutput.vcxproj", "{2AA97529-8BA5-47BA-8E1E-CD38EE277268}"
EndProject
Project("{8BC9CEB8-8B4A-11D0-8D11-00A0C91BC942}") = "FileInput", "Unit07\FileInput\FileInput.vcxproj", "{A29B4BD9-05E6-493E-BB1F-1B736205D37D}"
EndProject
Project("{8BC9CEB8-8B4A-11D0-8D11-00A0C91BC942}") = "FormatOutput", "Unit07\FormatOutput\FormatOutput.vcxproj", "{F6547588-6DE0-4C36-B195-1DA1E33737A4}"
EndProject
Project("{8BC9CEB8-8B4A-11D0-8D11-00A0C91BC942}") = "GetlineDemo", "Unit07\GetlineDemo\GetlineDemo.vcxproj", "{E31EB99E-851A-4B3F-8F09-33D66914767B}"
EndProject
Project("{8BC9CEB8-8B4A-11D0-8D11-00A0C91BC942}") = "FileOpenMode", "Unit07\FileOpenMode\FileOpenMode.vcxproj", "{D904A1F2-4728-40A3-9011-95EC292D72CB}"
EndProject
Project("{8BC9CEB8-8B4A-11D0-8D11-00A0C91BC942}") = "BinaryIO", "Unit07\BinaryIO\BinaryIO.vcxproj", "{62B4656A-5C85-4BBA-8D78-87582916690E}"
EndProject
Project("{8BC9CEB8-8B4A-11D0-8D11-00A0C91BC942}") = "RandomAccess", "Unit07\RandomAccess\RandomAccess.vcxproj", "{EE47E530-AE87-480C-89BC-79B99748A236}"
EndProject
Project("{2150E333-8FDC-42A3-9474-1A3956D46DE8}") = "Unit08", "Unit08", "{51135811-AC5F-4C27-9821-3C8AD5858E72}"
EndProject
Project("{8BC9CEB8-8B4A-11D0-8D11-00A0C91BC942}") = "Vec2D", "Unit08\Vec2D\Vec2D.vcxproj", "{B10E1061-CB2A-4B7E-8D15-A14654F3ACA2}"
EndProject
Project("{2150E333-8FDC-42A3-9474-1A3956D46DE8}") = "Unit09", "Unit09", "{3C6C2FE3-5025-4AAB-8E38-E251EB668BDA}"
EndProject
Project("{8BC9CEB8-8B4A-11D0-8D11-00A0C91BC942}") = "ExceptionDemo1", "Unit09\ExceptionDemo1\ExceptionDemo1.vcxproj", "{9BA14F22-6DF6-4F22-ABF6-4820B502D424}"
EndProject
Project("{8BC9CEB8-8B4A-11D0-8D11-00A0C91BC942}") = "out_of_range", "Unit09\out_of_range\out_of_range.vcxproj", "{0D61334E-390B-4B27-BB59-A4DDB681B984}"
EndProject
Project("{8BC9CEB8-8B4A-11D0-8D11-00A0C91BC942}") = "bad_alloc", "Unit09\bad_alloc\bad_alloc.vcxproj", "{D87E7DB7-67BD-427C-B5F5-C5A1626ED740}"
EndProject
Project("{8BC9CEB8-8B4A-11D0-8D11-00A0C91BC942}") = "bad_cast", "Unit09\bad_cast\bad_cast.vcxproj", "{3D7EE205-EDE0-4116-88AA-DFA7E5EE81FB}"
EndProject
Project("{8BC9CEB8-8B4A-11D0-8D11-00A0C91BC942}") = "CustomEception", "Unit09\CustomEception\CustomEception.vcxproj", "{6CFECB6D-ED77-43F7-88C1-278934FEC373}"
EndProject
Global
	GlobalSection(SolutionConfigurationPlatforms) = preSolution
		Debug|x64 = Debug|x64
		Debug|x86 = Debug|x86
		Release|x64 = Release|x64
		Release|x86 = Release|x86
	EndGlobalSection
	GlobalSection(ProjectConfigurationPlatforms) = postSolution
		{D19C0C07-19F9-4B8D-B85E-517B1B9371F6}.Debug|x64.ActiveCfg = Debug|x64
		{D19C0C07-19F9-4B8D-B85E-517B1B9371F6}.Debug|x64.Build.0 = Debug|x64
		{D19C0C07-19F9-4B8D-B85E-517B1B9371F6}.Debug|x86.ActiveCfg = Debug|Win32
		{D19C0C07-19F9-4B8D-B85E-517B1B9371F6}.Debug|x86.Build.0 = Debug|Win32
		{D19C0C07-19F9-4B8D-B85E-517B1B9371F6}.Release|x64.ActiveCfg = Release|x64
		{D19C0C07-19F9-4B8D-B85E-517B1B9371F6}.Release|x64.Build.0 = Release|x64
		{D19C0C07-19F9-4B8D-B85E-517B1B9371F6}.Release|x86.ActiveCfg = Release|Win32
		{D19C0C07-19F9-4B8D-B85E-517B1B9371F6}.Release|x86.Build.0 = Release|Win32
		{8912E282-A0B9-4C0F-8E0B-8BD88AEFB523}.Debug|x64.ActiveCfg = Debug|x64
		{8912E282-A0B9-4C0F-8E0B-8BD88AEFB523}.Debug|x64.Build.0 = Debug|x64
		{8912E282-A0B9-4C0F-8E0B-8BD88AEFB523}.Debug|x86.ActiveCfg = Debug|Win32
		{8912E282-A0B9-4C0F-8E0B-8BD88AEFB523}.Debug|x86.Build.0 = Debug|Win32
		{8912E282-A0B9-4C0F-8E0B-8BD88AEFB523}.Release|x64.ActiveCfg = Release|x64
		{8912E282-A0B9-4C0F-8E0B-8BD88AEFB523}.Release|x64.Build.0 = Release|x64
		{8912E282-A0B9-4C0F-8E0B-8BD88AEFB523}.Release|x86.ActiveCfg = Release|Win32
		{8912E282-A0B9-4C0F-8E0B-8BD88AEFB523}.Release|x86.Build.0 = Release|Win32
		{F0AE0050-FF8B-41EC-83B1-6BB492FCEDA3}.Debug|x64.ActiveCfg = Debug|x64
		{F0AE0050-FF8B-41EC-83B1-6BB492FCEDA3}.Debug|x64.Build.0 = Debug|x64
		{F0AE0050-FF8B-41EC-83B1-6BB492FCEDA3}.Debug|x86.ActiveCfg = Debug|Win32
		{F0AE0050-FF8B-41EC-83B1-6BB492FCEDA3}.Debug|x86.Build.0 = Debug|Win32
		{F0AE0050-FF8B-41EC-83B1-6BB492FCEDA3}.Release|x64.ActiveCfg = Release|x64
		{F0AE0050-FF8B-41EC-83B1-6BB492FCEDA3}.Release|x64.Build.0 = Release|x64
		{F0AE0050-FF8B-41EC-83B1-6BB492FCEDA3}.Release|x86.ActiveCfg = Release|Win32
		{F0AE0050-FF8B-41EC-83B1-6BB492FCEDA3}.Release|x86.Build.0 = Release|Win32
		{BE0E3944-B448-4A13-929F-A426E763CFDB}.Debug|x64.ActiveCfg = Debug|x64
		{BE0E3944-B448-4A13-929F-A426E763CFDB}.Debug|x64.Build.0 = Debug|x64
		{BE0E3944-B448-4A13-929F-A426E763CFDB}.Debug|x86.ActiveCfg = Debug|Win32
		{BE0E3944-B448-4A13-929F-A426E763CFDB}.Debug|x86.Build.0 = Debug|Win32
		{BE0E3944-B448-4A13-929F-A426E763CFDB}.Release|x64.ActiveCfg = Release|x64
		{BE0E3944-B448-4A13-929F-A426E763CFDB}.Release|x64.Build.0 = Release|x64
		{BE0E3944-B448-4A13-929F-A426E763CFDB}.Release|x86.ActiveCfg = Release|Win32
		{BE0E3944-B448-4A13-929F-A426E763CFDB}.Release|x86.Build.0 = Release|Win32
		{5963EF3F-ACAB-47E5-B38D-03A95CAF7480}.Debug|x64.ActiveCfg = Debug|x64
		{5963EF3F-ACAB-47E5-B38D-03A95CAF7480}.Debug|x64.Build.0 = Debug|x64
		{5963EF3F-ACAB-47E5-B38D-03A95CAF7480}.Debug|x86.ActiveCfg = Debug|Win32
		{5963EF3F-ACAB-47E5-B38D-03A95CAF7480}.Debug|x86.Build.0 = Debug|Win32
		{5963EF3F-ACAB-47E5-B38D-03A95CAF7480}.Release|x64.ActiveCfg = Release|x64
		{5963EF3F-ACAB-47E5-B38D-03A95CAF7480}.Release|x64.Build.0 = Release|x64
		{5963EF3F-ACAB-47E5-B38D-03A95CAF7480}.Release|x86.ActiveCfg = Release|Win32
		{5963EF3F-ACAB-47E5-B38D-03A95CAF7480}.Release|x86.Build.0 = Release|Win32
		{2AA97529-8BA5-47BA-8E1E-CD38EE277268}.Debug|x64.ActiveCfg = Debug|x64
		{2AA97529-8BA5-47BA-8E1E-CD38EE277268}.Debug|x64.Build.0 = Debug|x64
		{2AA97529-8BA5-47BA-8E1E-CD38EE277268}.Debug|x86.ActiveCfg = Debug|Win32
		{2AA97529-8BA5-47BA-8E1E-CD38EE277268}.Debug|x86.Build.0 = Debug|Win32
		{2AA97529-8BA5-47BA-8E1E-CD38EE277268}.Release|x64.ActiveCfg = Release|x64
		{2AA97529-8BA5-47BA-8E1E-CD38EE277268}.Release|x64.Build.0 = Release|x64
		{2AA97529-8BA5-47BA-8E1E-CD38EE277268}.Release|x86.ActiveCfg = Release|Win32
		{2AA97529-8BA5-47BA-8E1E-CD38EE277268}.Release|x86.Build.0 = Release|Win32
		{A29B4BD9-05E6-493E-BB1F-1B736205D37D}.Debug|x64.ActiveCfg = Debug|x64
		{A29B4BD9-05E6-493E-BB1F-1B736205D37D}.Debug|x64.Build.0 = Debug|x64
		{A29B4BD9-05E6-493E-BB1F-1B736205D37D}.Debug|x86.ActiveCfg = Debug|Win32
		{A29B4BD9-05E6-493E-BB1F-1B736205D37D}.Debug|x86.Build.0 = Debug|Win32
		{A29B4BD9-05E6-493E-BB1F-1B736205D37D}.Release|x64.ActiveCfg = Release|x64
		{A29B4BD9-05E6-493E-BB1F-1B736205D37D}.Release|x64.Build.0 = Release|x64
		{A29B4BD9-05E6-493E-BB1F-1B736205D37D}.Release|x86.ActiveCfg = Release|Win32
		{A29B4BD9-05E6-493E-BB1F-1B736205D37D}.Release|x86.Build.0 = Release|Win32
		{F6547588-6DE0-4C36-B195-1DA1E33737A4}.Debug|x64.ActiveCfg = Debug|x64
		{F6547588-6DE0-4C36-B195-1DA1E33737A4}.Debug|x64.Build.0 = Debug|x64
		{F6547588-6DE0-4C36-B195-1DA1E33737A4}.Debug|x86.ActiveCfg = Debug|Win32
		{F6547588-6DE0-4C36-B195-1DA1E33737A4}.Debug|x86.Build.0 = Debug|Win32
		{F6547588-6DE0-4C36-B195-1DA1E33737A4}.Release|x64.ActiveCfg = Release|x64
		{F6547588-6DE0-4C36-B195-1DA1E33737A4}.Release|x64.Build.0 = Release|x64
		{F6547588-6DE0-4C36-B195-1DA1E33737A4}.Release|x86.ActiveCfg = Release|Win32
		{F6547588-6DE0-4C36-B195-1DA1E33737A4}.Release|x86.Build.0 = Release|Win32
		{E31EB99E-851A-4B3F-8F09-33D66914767B}.Debug|x64.ActiveCfg = Debug|x64
		{E31EB99E-851A-4B3F-8F09-33D66914767B}.Debug|x64.Build.0 = Debug|x64
		{E31EB99E-851A-4B3F-8F09-33D66914767B}.Debug|x86.ActiveCfg = Debug|Win32
		{E31EB99E-851A-4B3F-8F09-33D66914767B}.Debug|x86.Build.0 = Debug|Win32
		{E31EB99E-851A-4B3F-8F09-33D66914767B}.Release|x64.ActiveCfg = Release|x64
		{E31EB99E-851A-4B3F-8F09-33D66914767B}.Release|x64.Build.0 = Release|x64
		{E31EB99E-851A-4B3F-8F09-33D66914767B}.Release|x86.ActiveCfg = Release|Win32
		{E31EB99E-851A-4B3F-8F09-33D66914767B}.Release|x86.Build.0 = Release|Win32
		{D904A1F2-4728-40A3-9011-95EC292D72CB}.Debug|x64.ActiveCfg = Debug|x64
		{D904A1F2-4728-40A3-9011-95EC292D72CB}.Debug|x64.Build.0 = Debug|x64
		{D904A1F2-4728-40A3-9011-95EC292D72CB}.Debug|x86.ActiveCfg = Debug|Win32
		{D904A1F2-4728-40A3-9011-95EC292D72CB}.Debug|x86.Build.0 = Debug|Win32
		{D904A1F2-4728-40A3-9011-95EC292D72CB}.Release|x64.ActiveCfg = Release|x64
		{D904A1F2-4728-40A3-9011-95EC292D72CB}.Release|x64.Build.0 = Release|x64
		{D904A1F2-4728-40A3-9011-95EC292D72CB}.Release|x86.ActiveCfg = Release|Win32
		{D904A1F2-4728-40A3-9011-95EC292D72CB}.Release|x86.Build.0 = Release|Win32
		{62B4656A-5C85-4BBA-8D78-87582916690E}.Debug|x64.ActiveCfg = Debug|x64
		{62B4656A-5C85-4BBA-8D78-87582916690E}.Debug|x64.Build.0 = Debug|x64
		{62B4656A-5C85-4BBA-8D78-87582916690E}.Debug|x86.ActiveCfg = Debug|Win32
		{62B4656A-5C85-4BBA-8D78-87582916690E}.Debug|x86.Build.0 = Debug|Win32
		{62B4656A-5C85-4BBA-8D78-87582916690E}.Release|x64.ActiveCfg = Release|x64
		{62B4656A-5C85-4BBA-8D78-87582916690E}.Release|x64.Build.0 = Release|x64
		{62B4656A-5C85-4BBA-8D78-87582916690E}.Release|x86.ActiveCfg = Release|Win32
		{62B4656A-5C85-4BBA-8D78-87582916690E}.Release|x86.Build.0 = Release|Win32
		{EE47E530-AE87-480C-89BC-79B99748A236}.Debug|x64.ActiveCfg = Debug|x64
		{EE47E530-AE87-480C-89BC-79B99748A236}.Debug|x64.Build.0 = Debug|x64
		{EE47E530-AE87-480C-89BC-79B99748A236}.Debug|x86.ActiveCfg = Debug|Win32
		{EE47E530-AE87-480C-89BC-79B99748A236}.Debug|x86.Build.0 = Debug|Win32
		{EE47E530-AE87-480C-89BC-79B99748A236}.Release|x64.ActiveCfg = Release|x64
		{EE47E530-AE87-480C-89BC-79B99748A236}.Release|x64.Build.0 = Release|x64
		{EE47E530-AE87-480C-89BC-79B99748A236}.Release|x86.ActiveCfg = Release|Win32
		{EE47E530-AE87-480C-89BC-79B99748A236}.Release|x86.Build.0 = Release|Win32
		{B10E1061-CB2A-4B7E-8D15-A14654F3ACA2}.Debug|x64.ActiveCfg = Debug|x64
		{B10E1061-CB2A-4B7E-8D15-A14654F3ACA2}.Debug|x64.Build.0 = Debug|x64
		{B10E1061-CB2A-4B7E-8D15-A14654F3ACA2}.Debug|x86.ActiveCfg = Debug|Win32
		{B10E1061-CB2A-4B7E-8D15-A14654F3ACA2}.Debug|x86.Build.0 = Debug|Win32
		{B10E1061-CB2A-4B7E-8D15-A14654F3ACA2}.Release|x64.ActiveCfg = Release|x64
		{B10E1061-CB2A-4B7E-8D15-A14654F3ACA2}.Release|x64.Build.0 = Release|x64
		{B10E1061-CB2A-4B7E-8D15-A14654F3ACA2}.Release|x86.ActiveCfg = Release|Win32
		{B10E1061-CB2A-4B7E-8D15-A14654F3ACA2}.Release|x86.Build.0 = Release|Win32
		{9BA14F22-6DF6-4F22-ABF6-4820B502D424}.Debug|x64.ActiveCfg = Debug|x64
		{9BA14F22-6DF6-4F22-ABF6-4820B502D424}.Debug|x64.Build.0 = Debug|x64
		{9BA14F22-6DF6-4F22-ABF6-4820B502D424}.Debug|x86.ActiveCfg = Debug|Win32
		{9BA14F22-6DF6-4F22-ABF6-4820B502D424}.Debug|x86.Build.0 = Debug|Win32
		{9BA14F22-6DF6-4F22-ABF6-4820B502D424}.Release|x64.ActiveCfg = Release|x64
		{9BA14F22-6DF6-4F22-ABF6-4820B502D424}.Release|x64.Build.0 = Release|x64
		{9BA14F22-6DF6-4F22-ABF6-4820B502D424}.Release|x86.ActiveCfg = Release|Win32
		{9BA14F22-6DF6-4F22-ABF6-4820B502D424}.Release|x86.Build.0 = Release|Win32
		{0D61334E-390B-4B27-BB59-A4DDB681B984}.Debug|x64.ActiveCfg = Debug|x64
		{0D61334E-390B-4B27-BB59-A4DDB681B984}.Debug|x64.Build.0 = Debug|x64
		{0D61334E-390B-4B27-BB59-A4DDB681B984}.Debug|x86.ActiveCfg = Debug|Win32
		{0D61334E-390B-4B27-BB59-A4DDB681B984}.Debug|x86.Build.0 = Debug|Win32
		{0D61334E-390B-4B27-BB59-A4DDB681B984}.Release|x64.ActiveCfg = Release|x64
		{0D61334E-390B-4B27-BB59-A4DDB681B984}.Release|x64.Build.0 = Release|x64
		{0D61334E-390B-4B27-BB59-A4DDB681B984}.Release|x86.ActiveCfg = Release|Win32
		{0D61334E-390B-4B27-BB59-A4DDB681B984}.Release|x86.Build.0 = Release|Win32
		{D87E7DB7-67BD-427C-B5F5-C5A1626ED740}.Debug|x64.ActiveCfg = Debug|x64
		{D87E7DB7-67BD-427C-B5F5-C5A1626ED740}.Debug|x64.Build.0 = Debug|x64
		{D87E7DB7-67BD-427C-B5F5-C5A1626ED740}.Debug|x86.ActiveCfg = Debug|Win32
		{D87E7DB7-67BD-427C-B5F5-C5A1626ED740}.Debug|x86.Build.0 = Debug|Win32
		{D87E7DB7-67BD-427C-B5F5-C5A1626ED740}.Release|x64.ActiveCfg = Release|x64
		{D87E7DB7-67BD-427C-B5F5-C5A1626ED740}.Release|x64.Build.0 = Release|x64
		{D87E7DB7-67BD-427C-B5F5-C5A1626ED740}.Release|x86.ActiveCfg = Release|Win32
		{D87E7DB7-67BD-427C-B5F5-C5A1626ED740}.Release|x86.Build.0 = Release|Win32
		{3D7EE205-EDE0-4116-88AA-DFA7E5EE81FB}.Debug|x64.ActiveCfg = Debug|x64
		{3D7EE205-EDE0-4116-88AA-DFA7E5EE81FB}.Debug|x64.Build.0 = Debug|x64
		{3D7EE205-EDE0-4116-88AA-DFA7E5EE81FB}.Debug|x86.ActiveCfg = Debug|Win32
		{3D7EE205-EDE0-4116-88AA-DFA7E5EE81FB}.Debug|x86.Build.0 = Debug|Win32
		{3D7EE205-EDE0-4116-88AA-DFA7E5EE81FB}.Release|x64.ActiveCfg = Release|x64
		{3D7EE205-EDE0-4116-88AA-DFA7E5EE81FB}.Release|x64.Build.0 = Release|x64
		{3D7EE205-EDE0-4116-88AA-DFA7E5EE81FB}.Release|x86.ActiveCfg = Release|Win32
		{3D7EE205-EDE0-4116-88AA-DFA7E5EE81FB}.Release|x86.Build.0 = Release|Win32
		{6CFECB6D-ED77-43F7-88C1-278934FEC373}.Debug|x64.ActiveCfg = Debug|x64
		{6CFECB6D-ED77-43F7-88C1-278934FEC373}.Debug|x64.Build.0 = Debug|x64
		{6CFECB6D-ED77-43F7-88C1-278934FEC373}.Debug|x86.ActiveCfg = Debug|Win32
		{6CFECB6D-ED77-43F7-88C1-278934FEC373}.Debug|x86.Build.0 = Debug|Win32
		{6CFECB6D-ED77-43F7-88C1-278934FEC373}.Release|x64.ActiveCfg = Release|x64
		{6CFECB6D-ED77-43F7-88C1-278934FEC373}.Release|x64.Build.0 = Release|x64
		{6CFECB6D-ED77-43F7-88C1-278934FEC373}.Release|x86.ActiveCfg = Release|Win32
		{6CFECB6D-ED77-43F7-88C1-278934FEC373}.Release|x86.Build.0 = Release|Win32
	EndGlobalSection
	GlobalSection(SolutionProperties) = preSolution
		HideSolutionNode = FALSE
	EndGlobalSection
	GlobalSection(NestedProjects) = preSolution
		{D19C0C07-19F9-4B8D-B85E-517B1B9371F6} = {8B0A3EC1-A7A7-4FD2-8F1C-78210DC93711}
		{8912E282-A0B9-4C0F-8E0B-8BD88AEFB523} = {8B0A3EC1-A7A7-4FD2-8F1C-78210DC93711}
		{F0AE0050-FF8B-41EC-83B1-6BB492FCEDA3} = {8B0A3EC1-A7A7-4FD2-8F1C-78210DC93711}
		{BE0E3944-B448-4A13-929F-A426E763CFDB} = {8B0A3EC1-A7A7-4FD2-8F1C-78210DC93711}
		{5963EF3F-ACAB-47E5-B38D-03A95CAF7480} = {8B0A3EC1-A7A7-4FD2-8F1C-78210DC93711}
		{2AA97529-8BA5-47BA-8E1E-CD38EE277268} = {8B0A3EC1-A7A7-4FD2-8F1C-78210DC93711}
		{A29B4BD9-05E6-493E-BB1F-1B736205D37D} = {8B0A3EC1-A7A7-4FD2-8F1C-78210DC93711}
		{F6547588-6DE0-4C36-B195-1DA1E33737A4} = {8B0A3EC1-A7A7-4FD2-8F1C-78210DC93711}
		{E31EB99E-851A-4B3F-8F09-33D66914767B} = {8B0A3EC1-A7A7-4FD2-8F1C-78210DC93711}
		{D904A1F2-4728-40A3-9011-95EC292D72CB} = {8B0A3EC1-A7A7-4FD2-8F1C-78210DC93711}
		{62B4656A-5C85-4BBA-8D78-87582916690E} = {8B0A3EC1-A7A7-4FD2-8F1C-78210DC93711}
		{EE47E530-AE87-480C-89BC-79B99748A236} = {8B0A3EC1-A7A7-4FD2-8F1C-78210DC93711}
		{B10E1061-CB2A-4B7E-8D15-A14654F3ACA2} = {51135811-AC5F-4C27-9821-3C8AD5858E72}
		{9BA14F22-6DF6-4F22-ABF6-4820B502D424} = {3C6C2FE3-5025-4AAB-8E38-E251EB668BDA}
		{0D61334E-390B-4B27-BB59-A4DDB681B984} = {3C6C2FE3-5025-4AAB-8E38-E251EB668BDA}
		{D87E7DB7-67BD-427C-B5F5-C5A1626ED740} = {3C6C2FE3-5025-4AAB-8E38-E251EB668BDA}
		{3D7EE205-EDE0-4116-88AA-DFA7E5EE81FB} = {3C6C2FE3-5025-4AAB-8E38-E251EB668BDA}
		{6CFECB6D-ED77-43F7-88C1-278934FEC373} = {3C6C2FE3-5025-4AAB-8E38-E251EB668BDA}
	EndGlobalSection
	GlobalSection(ExtensibilityGlobals) = postSolution
		SolutionGuid = {14721AB2-EA37-45AA-B8D0-E4B6B83EB13E}
	EndGlobalSection
EndGlobal
